{"1.2.0",
[{<<"etsmgr">>,{pkg,<<"etsmgr">>,<<"0.2.0">>},0},
 {<<"observer_cli">>,{pkg,<<"observer_cli">>,<<"1.6.2">>},0},
 {<<"recon">>,{pkg,<<"recon">>,<<"2.5.1">>},1}]}.
[
{pkg_hash,[
 {<<"etsmgr">>, <<"A3E5070747DF6DA3F86A122282E220C6578F0DDDD805BF8314805666C0B8DD3B">>},
 {<<"observer_cli">>, <<"016588E9A966247401BCBF02976D468F1E6F06891DDE44F873C9259C6496CCA1">>},
 {<<"recon">>, <<"430FFA60685AC1EFDFB1FE4C97B8767C92D0D92E6E7C3E8621559BA77598678A">>}]},
{pkg_hash_ext,[
 {<<"etsmgr">>, <<"8443843E97B9EEFCF9B6D34E6085BA3A32FF8C569C86BD78DC1090823F25FCC0">>},
 {<<"observer_cli">>, <<"C23DB9E4CCA0E849ADC42B0A099AFFB9E6267C5F23A871FC6F144348B249341F">>},
 {<<"recon">>, <<"5721C6B6D50122D8F68CCCAC712CAA1231F97894BAB779EFF5FF0F886CB44648">>}]}
].
