{"1.2.0",
[{<<"etsmgr">>,{pkg,<<"etsmgr">>,<<"0.4.0">>},0},
 {<<"observer_cli">>,{pkg,<<"observer_cli">>,<<"1.8.5">>},0},
 {<<"recon">>,{pkg,<<"recon">>,<<"2.5.6">>},1}]}.
[
{pkg_hash,[
 {<<"etsmgr">>, <<"30C72BE175617FAD55DD57E2EA02365BDFDF59F653FF7150B11A96F614CCCB75">>},
 {<<"observer_cli">>, <<"6771E73560432049891B7737B0EDCE67EF28AA7973A8DD2B39B21DA8C1227386">>},
 {<<"recon">>, <<"9052588E83BFEDFD9B72E1034532AEE2A5369D9D9343B61AEB7FBCE761010741">>}]},
{pkg_hash_ext,[
 {<<"etsmgr">>, <<"8129F617EE29C1D60FDD35ED9D3BC52C59D554ED4B9223621E7E664C9527B453">>},
 {<<"observer_cli">>, <<"4252F4AF00B48B51718EF8CCD9DA5CE879CDFC8DA66DEBAA9D471FC9BF099F59">>},
 {<<"recon">>, <<"96C6799792D735CC0F0FD0F86267E9D351E63339CBE03DF9D162010CEFC26BB0">>}]}
].
