{"1.2.0",
[{<<"etsmgr">>,{pkg,<<"etsmgr">>,<<"0.4.0">>},0},
 {<<"observer_cli">>,{pkg,<<"observer_cli">>,<<"2.0.0">>},0},
 {<<"recon">>,{pkg,<<"recon">>,<<"2.5.6">>},1}]}.
[
{pkg_hash,[
 {<<"etsmgr">>, <<"30C72BE175617FAD55DD57E2EA02365BDFDF59F653FF7150B11A96F614CCCB75">>},
 {<<"observer_cli">>, <<"3DBF67AEB8B99406B43C15D7045E5E80C5550AE8D65FBDED4305E692469F42C8">>},
 {<<"recon">>, <<"9052588E83BFEDFD9B72E1034532AEE2A5369D9D9343B61AEB7FBCE761010741">>}]},
{pkg_hash_ext,[
 {<<"etsmgr">>, <<"8129F617EE29C1D60FDD35ED9D3BC52C59D554ED4B9223621E7E664C9527B453">>},
 {<<"observer_cli">>, <<"581CDA47C9707CD6EBB994763F5A7683C0A86B549A1731648B32CE1D0E8CD229">>},
 {<<"recon">>, <<"96C6799792D735CC0F0FD0F86267E9D351E63339CBE03DF9D162010CEFC26BB0">>}]}
].
